{
  "name": "benchmark-v5",
  "version": "0.0.0",
  "lockfileVersion": 3,
  "requires": true,
  "packages": {
    "": {
      "name": "benchmark-v5",
      "version": "0.0.0",
      "dependencies": {
        "@kubb/adapter-oas": "5.0.0-beta.104",
        "@kubb/core": "5.0.0-beta.104",
        "@kubb/plugin-axios": "5.0.0-beta.103",
        "@kubb/plugin-faker": "5.0.0-beta.103",
        "@kubb/plugin-ts": "5.0.0-beta.103",
        "@kubb/plugin-zod": "5.0.0-beta.103"
      }
    },
    "node_modules/@apidevtools/json-schema-ref-parser": {
      "version": "14.2.1",
      "resolved": "https://registry.npmjs.org/@apidevtools/json-schema-ref-parser/-/json-schema-ref-parser-14.2.1.tgz",
      "integrity": "sha512-HmdFw9CDYqM6B25pqGBpNeLCKvGPlIx1EbLrVL0zPvj50CJQUHyBNBw45Muk0kEIkogo1VZvOKHajdMuAzSxRg==",
      "license": "MIT",
      "dependencies": {
        "js-yaml": "^4.1.0"
      },
      "engines": {
        "node": ">= 20"
      },
      "funding": {
        "url": "https://github.com/sponsors/philsturgeon"
      },
      "peerDependencies": {
        "@types/json-schema": "^7.0.15"
      }
    },
    "node_modules/@babel/code-frame": {
      "version": "7.29.7",
      "resolved": "https://registry.npmjs.org/@babel/code-frame/-/code-frame-7.29.7.tgz",
      "integrity": "sha512-Aup7aUOfpbAUg2ROOJN6Iw5f9DMBlzu0mIkm/malLQFN/YQgO48wCj0Kxa3sEHJvPVFg7siR+qRInwXd2qhQKw==",
      "license": "MIT",
      "dependencies": {
        "@babel/helper-validator-identifier": "^7.29.7",
        "js-tokens": "^4.0.0",
        "picocolors": "^1.1.1"
      },
      "engines": {
        "node": ">=6.9.0"
      }
    },
    "node_modules/@babel/helper-validator-identifier": {
      "version": "7.29.7",
      "resolved": "https://registry.npmjs.org/@babel/helper-validator-identifier/-/helper-validator-identifier-7.29.7.tgz",
      "integrity": "sha512-qehxGkRj55h/ff8EMaJ+cYhyaKlHIxqYDn682wQD7RNp9UujOQsHog2uS0r2vzr4pW+sXf90NeeayjcNaX3fFg==",
      "license": "MIT",
      "engines": {
        "node": ">=6.9.0"
      }
    },
    "node_modules/@babel/runtime": {
      "version": "7.29.7",
      "resolved": "https://registry.npmjs.org/@babel/runtime/-/runtime-7.29.7.tgz",
      "integrity": "sha512-Nq8OhGWiZIZGV6hLHoyAKLLcJihP/xFeBMGJoUrxTX2psI8dCifzLhZISFb+VWS3wFMRDmCGw5R+dOySCqPLhw==",
      "license": "MIT",
      "engines": {
        "node": ">=6.9.0"
      }
    },
    "node_modules/@clack/core": {
      "version": "1.4.3",
      "resolved": "https://registry.npmjs.org/@clack/core/-/core-1.4.3.tgz",
      "integrity": "sha512-/kr3UWNtdJfxZtPgDqUOmG2pvwlmcLGheex5yiZKdwbzZJxhV+HMNR9QNmyY5cGwTNV6LrR7Jtp+KjhUAP1qBQ==",
      "license": "MIT",
      "peer": true,
      "dependencies": {
        "fast-wrap-ansi": "^0.2.0",
        "sisteransi": "^1.0.5"
      },
      "engines": {
        "node": ">= 20.12.0"
      }
    },
    "node_modules/@clack/prompts": {
      "version": "1.7.0",
      "resolved": "https://registry.npmjs.org/@clack/prompts/-/prompts-1.7.0.tgz",
      "integrity": "sha512-y7/yvZ2TPAnR9+jnc00klvNNLkJiXFFrQA/hlLCcxA9a2A4zQIOimyFQ9XfwYKiGD1fb5GY8vbKIIgO8d5Tb2A==",
      "license": "MIT",
      "peer": true,
      "dependencies": {
        "@clack/core": "1.4.3",
        "fast-string-width": "^3.0.2",
        "fast-wrap-ansi": "^0.2.0",
        "sisteransi": "^1.0.5"
      },
      "engines": {
        "node": ">= 20.12.0"
      }
    },
    "node_modules/@humanwhocodes/momoa": {
      "version": "2.0.4",
      "resolved": "https://registry.npmjs.org/@humanwhocodes/momoa/-/momoa-2.0.4.tgz",
      "integrity": "sha512-RE815I4arJFtt+FVeU1Tgp9/Xvecacji8w/V6XtXsWWH/wz/eNkNbhb+ny/+PlVZjV0rxQpRSQKNKE3lcktHEA==",
      "license": "Apache-2.0",
      "engines": {
        "node": ">=10.10.0"
      }
    },
    "node_modules/@jridgewell/gen-mapping": {
      "version": "0.3.13",
      "resolved": "https://registry.npmjs.org/@jridgewell/gen-mapping/-/gen-mapping-0.3.13.tgz",
      "integrity": "sha512-2kkt/7niJ6MgEPxF0bYdQ6etZaA+fQvDcLKckhy1yIQOzaoKjBBjSj63/aLVjYE3qhRt5dvM+uUyfCg6UKCBbA==",
      "license": "MIT",
      "peer": true,
      "dependencies": {
        "@jridgewell/sourcemap-codec": "^1.5.0",
        "@jridgewell/trace-mapping": "^0.3.24"
      }
    },
    "node_modules/@jridgewell/remapping": {
      "version": "2.3.5",
      "resolved": "https://registry.npmjs.org/@jridgewell/remapping/-/remapping-2.3.5.tgz",
      "integrity": "sha512-LI9u/+laYG4Ds1TDKSJW2YPrIlcVYOwi2fUC6xB43lueCjgxV4lffOCZCtYFiH6TNOX+tQKXx97T4IKHbhyHEQ==",
      "license": "MIT",
      "peer": true,
      "dependencies": {
        "@jridgewell/gen-mapping": "^0.3.5",
        "@jridgewell/trace-mapping": "^0.3.24"
      }
    },
    "node_modules/@jridgewell/resolve-uri": {
      "version": "3.1.2",
      "resolved": "https://registry.npmjs.org/@jridgewell/resolve-uri/-/resolve-uri-3.1.2.tgz",
      "integrity": "sha512-bRISgCIjP20/tbWSPWMEi54QVPRZExkuD9lJL+UIxUKtwVJA8wW1Trb1jMs1RFXo1CBTNZ/5hpC9QvmKWdopKw==",
      "license": "MIT",
      "peer": true,
      "engines": {
        "node": ">=6.0.0"
      }
    },
    "node_modules/@jridgewell/sourcemap-codec": {
      "version": "1.5.5",
      "resolved": "https://registry.npmjs.org/@jridgewell/sourcemap-codec/-/sourcemap-codec-1.5.5.tgz",
      "integrity": "sha512-cYQ9310grqxueWbl+WuIUIaiUaDcj7WOq5fVhEljNVgRfOUhY9fy2zTvfoqWsnebh8Sl70VScFbICvJnLKB0Og==",
      "license": "MIT",
      "peer": true
    },
    "node_modules/@jridgewell/trace-mapping": {
      "version": "0.3.31",
      "resolved": "https://registry.npmjs.org/@jridgewell/trace-mapping/-/trace-mapping-0.3.31.tgz",
      "integrity": "sha512-zzNR+SdQSDJzc8joaeP8QQoCQr8NuYx2dIIytl1QeBEZHJ9uW6hebsrYgbz8hJwUQao3TWCMtmfV8Nu1twOLAw==",
      "license": "MIT",
      "peer": true,
      "dependencies": {
        "@jridgewell/resolve-uri": "^3.1.0",
        "@jridgewell/sourcemap-codec": "^1.4.14"
      }
    },
    "node_modules/@kubb/adapter-oas": {
      "version": "5.0.0-beta.104",
      "resolved": "https://registry.npmjs.org/@kubb/adapter-oas/-/adapter-oas-5.0.0-beta.104.tgz",
      "integrity": "sha512-huwPOJmUjpaj8xOgBXa7PpULrOYoIgI4a+XxpdxHdm06cQxQrg3aK6psKJoY88FXVETGgy8HRooS1RgW74Zhqw==",
      "license": "MIT",
      "dependencies": {
        "@kubb/ast": "5.0.0-beta.104",
        "@kubb/core": "5.0.0-beta.104",
        "@kubb/kit": "5.0.0-beta.104",
        "@readme/openapi-parser": "^6.2.1",
        "@scalar/openapi-upgrader": "^0.2.9",
        "api-ref-bundler": "0.5.1",
        "yaml": "^2.9.0"
      },
      "engines": {
        "node": ">=22"
      }
    },
    "node_modules/@kubb/ast": {
      "version": "5.0.0-beta.104",
      "resolved": "https://registry.npmjs.org/@kubb/ast/-/ast-5.0.0-beta.104.tgz",
      "integrity": "sha512-G/r+ZHKbmU4tQ7mtH/97tpgfIiKUdDv+zeoExlIxBqw1VUda8luYiBfnr/XFl71w0w+yIa7S0S9TYEXlvKygTA==",
      "license": "MIT",
      "engines": {
        "node": ">=22"
      }
    },
    "node_modules/@kubb/core": {
      "version": "5.0.0-beta.104",
      "resolved": "https://registry.npmjs.org/@kubb/core/-/core-5.0.0-beta.104.tgz",
      "integrity": "sha512-Z9oYqMhOMMtkxx1uz5iU3ZkJPS6Slv/75/rF7MaH4hm941AJPskeh63Bk+NWxMHIWuOT+dG60tpvY4S4lKnNMA==",
      "license": "MIT",
      "dependencies": {
        "@kubb/ast": "5.0.0-beta.104"
      },
      "engines": {
        "node": ">=22"
      }
    },
    "node_modules/@kubb/kit": {
      "version": "5.0.0-beta.104",
      "resolved": "https://registry.npmjs.org/@kubb/kit/-/kit-5.0.0-beta.104.tgz",
      "integrity": "sha512-wbBD4DNjrgkHoxemb/L3D6xI0xcYE1MQwGpO18wwqs0HJhpp8mZz1uj9xJ08XuAZhQ8qL4h2yzxtzk3+RROhlg==",
      "license": "MIT",
      "dependencies": {
        "@kubb/ast": "5.0.0-beta.104",
        "@kubb/core": "5.0.0-beta.104"
      },
      "engines": {
        "node": ">=22"
      }
    },
    "node_modules/@kubb/mcp": {
      "version": "5.0.0-beta.103",
      "resolved": "https://registry.npmjs.org/@kubb/mcp/-/mcp-5.0.0-beta.103.tgz",
      "integrity": "sha512-D3Bik9kg620KTEUz59MHJYMU+Vy+t9UsAA7b5eTr8+rG37ro/697vJmtUVE/aUTI6xIJp/kNeIFKDmdy2ZeWUg==",
      "license": "MIT",
      "peer": true,
      "dependencies": {
        "@kubb/adapter-oas": "5.0.0-beta.103",
        "@kubb/core": "5.0.0-beta.103",
        "@tmcp/adapter-valibot": "^0.1.6",
        "@tmcp/transport-stdio": "^0.4.3",
        "tmcp": "^1.19.4",
        "valibot": "^1.4.2"
      },
      "bin": {
        "kubb-mcp": "bin/kubb-mcp.cjs"
      },
      "engines": {
        "node": ">=22"
      },
      "peerDependencies": {
        "@kubb/renderer-jsx": "5.0.0-beta.103"
      }
    },
    "node_modules/@kubb/mcp/node_modules/@kubb/adapter-oas": {
      "version": "5.0.0-beta.103",
      "resolved": "https://registry.npmjs.org/@kubb/adapter-oas/-/adapter-oas-5.0.0-beta.103.tgz",
      "integrity": "sha512-i5bEp1UZi2PU/0GQkoulfQn9BnEAMcbgwff3RwHfa+Oi0b6nH+JxTM8Bt5Qi7iCP48IKHWQl0BVP9/e8DqWOWQ==",
      "license": "MIT",
      "peer": true,
      "dependencies": {
        "@kubb/ast": "5.0.0-beta.103",
        "@kubb/core": "5.0.0-beta.103",
        "@kubb/kit": "5.0.0-beta.103",
        "@readme/openapi-parser": "^6.2.1",
        "@scalar/openapi-upgrader": "^0.2.9",
        "api-ref-bundler": "0.5.1",
        "yaml": "^2.9.0"
      },
      "engines": {
        "node": ">=22"
      }
    },
    "node_modules/@kubb/mcp/node_modules/@kubb/ast": {
      "version": "5.0.0-beta.103",
      "resolved": "https://registry.npmjs.org/@kubb/ast/-/ast-5.0.0-beta.103.tgz",
      "integrity": "sha512-JhdUVZByANIABO6lZERcDdjLzuroe06godO1uxS8ZH54zNbyJHYLdiIexwzd+rt/b97BZsX4SKEvf5E48mjE7A==",
      "license": "MIT",
      "peer": true,
      "engines": {
        "node": ">=22"
      }
    },
    "node_modules/@kubb/mcp/node_modules/@kubb/core": {
      "version": "5.0.0-beta.103",
      "resolved": "https://registry.npmjs.org/@kubb/core/-/core-5.0.0-beta.103.tgz",
      "integrity": "sha512-6IMaBozg1xEJDVwrkgj6Rn9XPeVbFLMQU0Ly0r1Ul/9WHMUYdOFnQF6VjHpfk4m4b3JPruy1Blf92Rcf6cZGBw==",
      "license": "MIT",
      "peer": true,
      "dependencies": {
        "@kubb/ast": "5.0.0-beta.103"
      },
      "engines": {
        "node": ">=22"
      }
    },
    "node_modules/@kubb/mcp/node_modules/@kubb/kit": {
      "version": "5.0.0-beta.103",
      "resolved": "https://registry.npmjs.org/@kubb/kit/-/kit-5.0.0-beta.103.tgz",
      "integrity": "sha512-ZYfhMGtBuHRMhQa2BiYoXydZ7VBGvuWXgNxmGTYWyajGYvef1pMmprbsj/oknb1I/u48PQPD0ln4gx4dMbftgA==",
      "license": "MIT",
      "peer": true,
      "dependencies": {
        "@kubb/ast": "5.0.0-beta.103",
        "@kubb/core": "5.0.0-beta.103"
      },
      "engines": {
        "node": ">=22"
      }
    },
    "node_modules/@kubb/parser-md": {
      "version": "5.0.0-beta.103",
      "resolved": "https://registry.npmjs.org/@kubb/parser-md/-/parser-md-5.0.0-beta.103.tgz",
      "integrity": "sha512-VPoXpVNn2HxSj6ctK4Q/xoC7VtNJ065VvHadDLJNMn2yQaygwRzcaqRnBaA18dgKgIDAdb776xmxOgBedpoEWA==",
      "license": "MIT",
      "peer": true,
      "dependencies": {
        "@kubb/kit": "5.0.0-beta.103",
        "yaml": "^2.9.0"
      },
      "engines": {
        "node": ">=22"
      }
    },
    "node_modules/@kubb/parser-md/node_modules/@kubb/ast": {
      "version": "5.0.0-beta.103",
      "resolved": "https://registry.npmjs.org/@kubb/ast/-/ast-5.0.0-beta.103.tgz",
      "integrity": "sha512-JhdUVZByANIABO6lZERcDdjLzuroe06godO1uxS8ZH54zNbyJHYLdiIexwzd+rt/b97BZsX4SKEvf5E48mjE7A==",
      "license": "MIT",
      "peer": true,
      "engines": {
        "node": ">=22"
      }
    },
    "node_modules/@kubb/parser-md/node_modules/@kubb/core": {
      "version": "5.0.0-beta.103",
      "resolved": "https://registry.npmjs.org/@kubb/core/-/core-5.0.0-beta.103.tgz",
      "integrity": "sha512-6IMaBozg1xEJDVwrkgj6Rn9XPeVbFLMQU0Ly0r1Ul/9WHMUYdOFnQF6VjHpfk4m4b3JPruy1Blf92Rcf6cZGBw==",
      "license": "MIT",
      "peer": true,
      "dependencies": {
        "@kubb/ast": "5.0.0-beta.103"
      },
      "engines": {
        "node": ">=22"
      }
    },
    "node_modules/@kubb/parser-md/node_modules/@kubb/kit": {
      "version": "5.0.0-beta.103",
      "resolved": "https://registry.npmjs.org/@kubb/kit/-/kit-5.0.0-beta.103.tgz",
      "integrity": "sha512-ZYfhMGtBuHRMhQa2BiYoXydZ7VBGvuWXgNxmGTYWyajGYvef1pMmprbsj/oknb1I/u48PQPD0ln4gx4dMbftgA==",
      "license": "MIT",
      "peer": true,
      "dependencies": {
        "@kubb/ast": "5.0.0-beta.103",
        "@kubb/core": "5.0.0-beta.103"
      },
      "engines": {
        "node": ">=22"
      }
    },
    "node_modules/@kubb/parser-ts": {
      "version": "5.0.0-beta.103",
      "resolved": "https://registry.npmjs.org/@kubb/parser-ts/-/parser-ts-5.0.0-beta.103.tgz",
      "integrity": "sha512-I004a6JIWqxELkVOtlpVj0N8DG7K1vZoYwf3isGz7Vc9p2wO8SG29AQlKq6TKLZBIL6A406BpgPjy2KsZCddEg==",
      "license": "MIT",
      "dependencies": {
        "@kubb/kit": "5.0.0-beta.103",
        "typescript": "^6.0.3"
      },
      "engines": {
        "node": ">=22"
      }
    },
    "node_modules/@kubb/parser-ts/node_modules/@kubb/ast": {
      "version": "5.0.0-beta.103",
      "resolved": "https://registry.npmjs.org/@kubb/ast/-/ast-5.0.0-beta.103.tgz",
      "integrity": "sha512-JhdUVZByANIABO6lZERcDdjLzuroe06godO1uxS8ZH54zNbyJHYLdiIexwzd+rt/b97BZsX4SKEvf5E48mjE7A==",
      "license": "MIT",
      "engines": {
        "node": ">=22"
      }
    },
    "node_modules/@kubb/parser-ts/node_modules/@kubb/core": {
      "version": "5.0.0-beta.103",
      "resolved": "https://registry.npmjs.org/@kubb/core/-/core-5.0.0-beta.103.tgz",
      "integrity": "sha512-6IMaBozg1xEJDVwrkgj6Rn9XPeVbFLMQU0Ly0r1Ul/9WHMUYdOFnQF6VjHpfk4m4b3JPruy1Blf92Rcf6cZGBw==",
      "license": "MIT",
      "dependencies": {
        "@kubb/ast": "5.0.0-beta.103"
      },
      "engines": {
        "node": ">=22"
      }
    },
    "node_modules/@kubb/parser-ts/node_modules/@kubb/kit": {
      "version": "5.0.0-beta.103",
      "resolved": "https://registry.npmjs.org/@kubb/kit/-/kit-5.0.0-beta.103.tgz",
      "integrity": "sha512-ZYfhMGtBuHRMhQa2BiYoXydZ7VBGvuWXgNxmGTYWyajGYvef1pMmprbsj/oknb1I/u48PQPD0ln4gx4dMbftgA==",
      "license": "MIT",
      "dependencies": {
        "@kubb/ast": "5.0.0-beta.103",
        "@kubb/core": "5.0.0-beta.103"
      },
      "engines": {
        "node": ">=22"
      }
    },
    "node_modules/@kubb/plugin-axios": {
      "version": "5.0.0-beta.103",
      "resolved": "https://registry.npmjs.org/@kubb/plugin-axios/-/plugin-axios-5.0.0-beta.103.tgz",
      "integrity": "sha512-GtBwhlkTcCKb4yzhlRenCGqMDz3s4fXZgUXpMvL3KGvFkM568zXf17/MB7WUIklc3DQkCKbPE0ZaSbMZvI/JCQ==",
      "license": "MIT",
      "dependencies": {
        "@kubb/plugin-ts": "5.0.0-beta.103",
        "@kubb/plugin-zod": "5.0.0-beta.103"
      },
      "engines": {
        "node": ">=22"
      },
      "peerDependencies": {
        "axios": "^1.7.2",
        "kubb": "5.0.0-beta.103"
      },
      "peerDependenciesMeta": {
        "axios": {
          "optional": true
        }
      }
    },
    "node_modules/@kubb/plugin-barrel": {
      "version": "5.0.0-beta.103",
      "resolved": "https://registry.npmjs.org/@kubb/plugin-barrel/-/plugin-barrel-5.0.0-beta.103.tgz",
      "integrity": "sha512-fxwCyYKaflQ8tjRFh6jAtql1Cihr3qr9fSWPlI8nOngAso1Q0zlok/1bqBr4DFq/fGfp5841MBI8DKgeT7s/Cw==",
      "license": "MIT",
      "peer": true,
      "dependencies": {
        "@kubb/ast": "5.0.0-beta.103",
        "@kubb/core": "5.0.0-beta.103"
      },
      "engines": {
        "node": ">=22"
      },
      "peerDependencies": {
        "@kubb/core": "5.0.0-beta.103"
      }
    },
    "node_modules/@kubb/plugin-barrel/node_modules/@kubb/ast": {
      "version": "5.0.0-beta.103",
      "resolved": "https://registry.npmjs.org/@kubb/ast/-/ast-5.0.0-beta.103.tgz",
      "integrity": "sha512-JhdUVZByANIABO6lZERcDdjLzuroe06godO1uxS8ZH54zNbyJHYLdiIexwzd+rt/b97BZsX4SKEvf5E48mjE7A==",
      "license": "MIT",
      "peer": true,
      "engines": {
        "node": ">=22"
      }
    },
    "node_modules/@kubb/plugin-barrel/node_modules/@kubb/core": {
      "version": "5.0.0-beta.103",
      "resolved": "https://registry.npmjs.org/@kubb/core/-/core-5.0.0-beta.103.tgz",
      "integrity": "sha512-6IMaBozg1xEJDVwrkgj6Rn9XPeVbFLMQU0Ly0r1Ul/9WHMUYdOFnQF6VjHpfk4m4b3JPruy1Blf92Rcf6cZGBw==",
      "license": "MIT",
      "peer": true,
      "dependencies": {
        "@kubb/ast": "5.0.0-beta.103"
      },
      "engines": {
        "node": ">=22"
      }
    },
    "node_modules/@kubb/plugin-faker": {
      "version": "5.0.0-beta.103",
      "resolved": "https://registry.npmjs.org/@kubb/plugin-faker/-/plugin-faker-5.0.0-beta.103.tgz",
      "integrity": "sha512-MEK7+8KGyHjLEEhIyen7cHZDjNyKnLoqk27UbJ1uC2mqHGekFoYnBV9s2fb2AOC5qjPCYV3hMgw9JxMvc/9AGw==",
      "license": "MIT",
      "dependencies": {
        "@kubb/plugin-ts": "5.0.0-beta.103"
      },
      "engines": {
        "node": ">=22"
      },
      "peerDependencies": {
        "kubb": "5.0.0-beta.103"
      }
    },
    "node_modules/@kubb/plugin-ts": {
      "version": "5.0.0-beta.103",
      "resolved": "https://registry.npmjs.org/@kubb/plugin-ts/-/plugin-ts-5.0.0-beta.103.tgz",
      "integrity": "sha512-iEZ9q5NNLrzwWK6/qJVtsqYivFqw2MtJcYut8xRnesis/AwT4OdFLNRKeyHRVLT5XRBFxGOKRB3jsuE0kFBTSA==",
      "license": "MIT",
      "dependencies": {
        "@kubb/parser-ts": "5.0.0-beta.103",
        "typescript": "^6.0.3"
      },
      "engines": {
        "node": ">=22"
      },
      "peerDependencies": {
        "kubb": "5.0.0-beta.103"
      }
    },
    "node_modules/@kubb/plugin-zod": {
      "version": "5.0.0-beta.103",
      "resolved": "https://registry.npmjs.org/@kubb/plugin-zod/-/plugin-zod-5.0.0-beta.103.tgz",
      "integrity": "sha512-WjIe5w6VVASTkchBrI3pE8lSuw+2aKRmtClfRIgwnZ7AX66t+HMU07ig9VQ226gPmMYOwlpQvtjnVQF4/+cEEg==",
      "license": "MIT",
      "engines": {
        "node": ">=22"
      },
      "peerDependencies": {
        "kubb": "5.0.0-beta.103"
      }
    },
    "node_modules/@kubb/renderer-jsx": {
      "version": "5.0.0-beta.103",
      "resolved": "https://registry.npmjs.org/@kubb/renderer-jsx/-/renderer-jsx-5.0.0-beta.103.tgz",
      "integrity": "sha512-NKBuWUPhW+RrlOoXM/KDk6cKmgNERaEPAiZI72KYa/F7G10ovnPbSeE6e+DDuug2iQXXF2ovdO3CCKo8RVfWqw==",
      "license": "MIT",
      "peer": true,
      "dependencies": {
        "@kubb/kit": "5.0.0-beta.103",
        "yaml": "^2.9.0"
      },
      "engines": {
        "node": ">=22"
      }
    },
    "node_modules/@kubb/renderer-jsx/node_modules/@kubb/ast": {
      "version": "5.0.0-beta.103",
      "resolved": "https://registry.npmjs.org/@kubb/ast/-/ast-5.0.0-beta.103.tgz",
      "integrity": "sha512-JhdUVZByANIABO6lZERcDdjLzuroe06godO1uxS8ZH54zNbyJHYLdiIexwzd+rt/b97BZsX4SKEvf5E48mjE7A==",
      "license": "MIT",
      "peer": true,
      "engines": {
        "node": ">=22"
      }
    },
    "node_modules/@kubb/renderer-jsx/node_modules/@kubb/core": {
      "version": "5.0.0-beta.103",
      "resolved": "https://registry.npmjs.org/@kubb/core/-/core-5.0.0-beta.103.tgz",
      "integrity": "sha512-6IMaBozg1xEJDVwrkgj6Rn9XPeVbFLMQU0Ly0r1Ul/9WHMUYdOFnQF6VjHpfk4m4b3JPruy1Blf92Rcf6cZGBw==",
      "license": "MIT",
      "peer": true,
      "dependencies": {
        "@kubb/ast": "5.0.0-beta.103"
      },
      "engines": {
        "node": ">=22"
      }
    },
    "node_modules/@kubb/renderer-jsx/node_modules/@kubb/kit": {
      "version": "5.0.0-beta.103",
      "resolved": "https://registry.npmjs.org/@kubb/kit/-/kit-5.0.0-beta.103.tgz",
      "integrity": "sha512-ZYfhMGtBuHRMhQa2BiYoXydZ7VBGvuWXgNxmGTYWyajGYvef1pMmprbsj/oknb1I/u48PQPD0ln4gx4dMbftgA==",
      "license": "MIT",
      "peer": true,
      "dependencies": {
        "@kubb/ast": "5.0.0-beta.103",
        "@kubb/core": "5.0.0-beta.103"
      },
      "engines": {
        "node": ">=22"
      }
    },
    "node_modules/@quansync/fs": {
      "version": "1.0.0",
      "resolved": "https://registry.npmjs.org/@quansync/fs/-/fs-1.0.0.tgz",
      "integrity": "sha512-4TJ3DFtlf1L5LDMaM6CanJ/0lckGNtJcMjQ1NAV6zDmA0tEHKZtxNKin8EgPaVX1YzljbxckyT2tJrpQKAtngQ==",
      "license": "MIT",
      "peer": true,
      "dependencies": {
        "quansync": "^1.0.0"
      },
      "funding": {
        "url": "https://github.com/sponsors/sxzz"
      }
    },
    "node_modules/@readme/better-ajv-errors": {
      "version": "2.4.0",
      "resolved": "https://registry.npmjs.org/@readme/better-ajv-errors/-/better-ajv-errors-2.4.0.tgz",
      "integrity": "sha512-9WODaOAKSl/mU+MYNZ2aHCrkoRSvmQ+1YkLj589OEqqjOAhbn8j7Z+ilYoiTu/he6X63/clsxxAB4qny9/dDzg==",
      "license": "Apache-2.0",
      "dependencies": {
        "@babel/code-frame": "^7.22.5",
        "@babel/runtime": "^7.22.5",
        "@humanwhocodes/momoa": "^2.0.3",
        "jsonpointer": "^5.0.0",
        "leven": "^3.1.0",
        "picocolors": "^1.1.1"
      },
      "engines": {
        "node": ">=18"
      },
      "peerDependencies": {
        "ajv": "4.11.8 - 8"
      }
    },
    "node_modules/@readme/openapi-parser": {
      "version": "6.3.0",
      "resolved": "https://registry.npmjs.org/@readme/openapi-parser/-/openapi-parser-6.3.0.tgz",
      "integrity": "sha512-pLsspfvN/m6C4BuZ91ZppK2uo86IT4EDhXu6B+giNLehLkuZbtg47OJvOktwDHBmheULPmXg5pzM7065AAHeyQ==",
      "license": "MIT",
      "dependencies": {
        "@apidevtools/json-schema-ref-parser": "^14.1.1",
        "@readme/better-ajv-errors": "^2.3.2",
        "@readme/openapi-schemas": "^4.0.0",
        "@types/json-schema": "^7.0.15",
        "ajv": "^8.20.0",
        "ajv-draft-04": "^1.0.0"
      },
      "engines": {
        "node": ">=20"
      },
      "peerDependencies": {
        "openapi-types": ">=7"
      }
    },
    "node_modules/@readme/openapi-schemas": {
      "version": "4.0.0",
      "resolved": "https://registry.npmjs.org/@readme/openapi-schemas/-/openapi-schemas-4.0.0.tgz",
      "integrity": "sha512-hrG//9/+RpOZTrUDirU4OzfMqaxCdY5BMpr3YuLf3Rje9rfNsydQJsH9iCPTie9ZRu9xe+0OUD4fHe0JmGwa2w==",
      "license": "MIT",
      "dependencies": {
        "@types/json-schema": "^7.0.15"
      },
      "engines": {
        "node": ">=20"
      }
    },
    "node_modules/@scalar/openapi-types": {
      "version": "0.9.3",
      "resolved": "https://registry.npmjs.org/@scalar/openapi-types/-/openapi-types-0.9.3.tgz",
      "integrity": "sha512-34qglt5jSo55iZfH9i7EhjQCdE0Po2xZeh8wytQKolSnXrxsYMSyFDJEBxz1Gaew4on9N3XIWsd0QpwKVA5CSA==",
      "license": "MIT",
      "engines": {
        "node": ">=22"
      }
    },
    "node_modules/@scalar/openapi-upgrader": {
      "version": "0.2.11",
      "resolved": "https://registry.npmjs.org/@scalar/openapi-upgrader/-/openapi-upgrader-0.2.11.tgz",
      "integrity": "sha512-eYEFBO8mZfgXEO/hv8rdL5OA4oOB8orFT5kXNK4I/x9xca2D7A4BteuFXqRaw9lE1CIjtG+StlAUYVz5omTXew==",
      "license": "MIT",
      "dependencies": {
        "@scalar/openapi-types": "0.9.3"
      },
      "engines": {
        "node": ">=22"
      }
    },
    "node_modules/@standard-schema/spec": {
      "version": "1.1.0",
      "resolved": "https://registry.npmjs.org/@standard-schema/spec/-/spec-1.1.0.tgz",
      "integrity": "sha512-l2aFy5jALhniG5HgqrD6jXLi/rUWrKvqN/qJx6yoJsgKhblVd+iqqU4RCXavm/jPityDo5TCvKMnpjKnOriy0w==",
      "license": "MIT",
      "peer": true
    },
    "node_modules/@tmcp/adapter-valibot": {
      "version": "0.1.6",
      "resolved": "https://registry.npmjs.org/@tmcp/adapter-valibot/-/adapter-valibot-0.1.6.tgz",
      "integrity": "sha512-drirZeNinhYLiRSMksN+m//u0ImFxtGRk1Vp425Xp/7CbBXFQdjAG+f7grssyHAukbVTGzmWsMMP6ejrGVErUA==",
      "license": "MIT",
      "peer": true,
      "dependencies": {
        "@standard-schema/spec": "^1.0.0",
        "@valibot/to-json-schema": "^1.3.0",
        "valibot": "^1.1.0"
      },
      "peerDependencies": {
        "tmcp": "^1.17.0",
        "valibot": "^1.1.0"
      }
    },
    "node_modules/@tmcp/transport-stdio": {
      "version": "0.4.3",
      "resolved": "https://registry.npmjs.org/@tmcp/transport-stdio/-/transport-stdio-0.4.3.tgz",
      "integrity": "sha512-chdmSwk7PSXjkaQId2OAY8ZMFrTFWwckfCyXJuw6b6WFK9IMK95EoU2VDFioybcmawuQox0MNPM5R2DVxlptoA==",
      "license": "MIT",
      "peer": true,
      "peerDependencies": {
        "tmcp": "^1.16.3"
      }
    },
    "node_modules/@types/json-schema": {
      "version": "7.0.15",
      "resolved": "https://registry.npmjs.org/@types/json-schema/-/json-schema-7.0.15.tgz",
      "integrity": "sha512-5+fP8P8MFNC+AyZCDxrB2pkZFPGzqQWUzpSeuuVLvm8VMcorNYavBqoFcxK8bQz4Qsbn4oUEEem4wDLfcysGHA==",
      "license": "MIT"
    },
    "node_modules/@valibot/to-json-schema": {
      "version": "1.7.1",
      "resolved": "https://registry.npmjs.org/@valibot/to-json-schema/-/to-json-schema-1.7.1.tgz",
      "integrity": "sha512-3qkmU6KXWh8GIThEAW3kuRHPQBMjWkKy+Ppz3WkUucx53DTpOa6siMn4xDGSOhlVyMrDaJTCTMLYPZVAIk1P0A==",
      "license": "MIT",
      "peer": true,
      "peerDependencies": {
        "valibot": "^1.4.0"
      }
    },
    "node_modules/ajv": {
      "version": "8.20.0",
      "resolved": "https://registry.npmjs.org/ajv/-/ajv-8.20.0.tgz",
      "integrity": "sha512-Thbli+OlOj+iMPYFBVBfJ3OmCAnaSyNn4M1vz9T6Gka5Jt9ba/HIR56joy65tY6kx/FCF5VXNB819Y7/GUrBGA==",
      "license": "MIT",
      "dependencies": {
        "fast-deep-equal": "^3.1.3",
        "fast-uri": "^3.0.1",
        "json-schema-traverse": "^1.0.0",
        "require-from-string": "^2.0.2"
      },
      "funding": {
        "type": "github",
        "url": "https://github.com/sponsors/epoberezkin"
      }
    },
    "node_modules/ajv-draft-04": {
      "version": "1.0.0",
      "resolved": "https://registry.npmjs.org/ajv-draft-04/-/ajv-draft-04-1.0.0.tgz",
      "integrity": "sha512-mv00Te6nmYbRp5DCwclxtt7yV/joXJPGS7nM+97GdxvuttCOfgI3K4U25zboyeX0O+myI8ERluxQe5wljMmVIw==",
      "license": "MIT",
      "peerDependencies": {
        "ajv": "^8.5.0"
      },
      "peerDependenciesMeta": {
        "ajv": {
          "optional": true
        }
      }
    },
    "node_modules/api-ref-bundler": {
      "version": "0.5.1",
      "resolved": "https://registry.npmjs.org/api-ref-bundler/-/api-ref-bundler-0.5.1.tgz",
      "integrity": "sha512-g5YOyKvQVDaTpRpDEmRtnAWZbi1Ur/i9qPJRVf6l9wafg+LJuJn6Aze+wI9h+1qpUSgvLE1CGCiOFlrrBwYEyg==",
      "license": "MIT",
      "dependencies": {
        "json-crawl": "0.4.2"
      },
      "engines": {
        "node": ">=18.0.0"
      }
    },
    "node_modules/argparse": {
      "version": "2.0.1",
      "resolved": "https://registry.npmjs.org/argparse/-/argparse-2.0.1.tgz",
      "integrity": "sha512-8+9WqebbFzpX9OR+Wa6O29asIogeRMzcGtAINdpMHHyAg10f05aSFVBbcEqGf/PXw1EjAZ+q2/bEBg3DvurK3Q==",
      "license": "Python-2.0"
    },
    "node_modules/chokidar": {
      "version": "5.0.0",
      "resolved": "https://registry.npmjs.org/chokidar/-/chokidar-5.0.0.tgz",
      "integrity": "sha512-TQMmc3w+5AxjpL8iIiwebF73dRDF4fBIieAqGn9RGCWaEVwQ6Fb2cGe31Yns0RRIzii5goJ1Y7xbMwo1TxMplw==",
      "license": "MIT",
      "peer": true,
      "dependencies": {
        "readdirp": "^5.0.0"
      },
      "engines": {
        "node": ">= 20.19.0"
      },
      "funding": {
        "url": "https://paulmillr.com/funding/"
      }
    },
    "node_modules/defu": {
      "version": "6.1.7",
      "resolved": "https://registry.npmjs.org/defu/-/defu-6.1.7.tgz",
      "integrity": "sha512-7z22QmUWiQ/2d0KkdYmANbRUVABpZ9SNYyH5vx6PZ+nE5bcC0l7uFvEfHlyld/HcGBFTL536ClDt3DEcSlEJAQ==",
      "license": "MIT",
      "peer": true
    },
    "node_modules/fast-deep-equal": {
      "version": "3.1.3",
      "resolved": "https://registry.npmjs.org/fast-deep-equal/-/fast-deep-equal-3.1.3.tgz",
      "integrity": "sha512-f3qQ9oQy9j2AhBe/H9VC91wLmKBCCU/gDOnKNAYG5hswO7BLKj09Hc5HYNz9cGI++xlpDCIgDaitVs03ATR84Q==",
      "license": "MIT"
    },
    "node_modules/fast-string-truncated-width": {
      "version": "3.0.3",
      "resolved": "https://registry.npmjs.org/fast-string-truncated-width/-/fast-string-truncated-width-3.0.3.tgz",
      "integrity": "sha512-0jjjIEL6+0jag3l2XWWizO64/aZVtpiGE3t0Zgqxv0DPuxiMjvB3M24fCyhZUO4KomJQPj3LTSUnDP3GpdwC0g==",
      "license": "MIT",
      "peer": true
    },
    "node_modules/fast-string-width": {
      "version": "3.0.2",
      "resolved": "https://registry.npmjs.org/fast-string-width/-/fast-string-width-3.0.2.tgz",
      "integrity": "sha512-gX8LrtNEI5hq8DVUfRQMbr5lpaS4nMIWV+7XEbXk2b8kiQIizgnlr12B4dA3ZEx3308ze0O4Q1R+cHts8kyUJg==",
      "license": "MIT",
      "peer": true,
      "dependencies": {
        "fast-string-truncated-width": "^3.0.2"
      }
    },
    "node_modules/fast-uri": {
      "version": "3.1.3",
      "resolved": "https://registry.npmjs.org/fast-uri/-/fast-uri-3.1.3.tgz",
      "integrity": "sha512-i70LwGWUduXqzicKXWshooq+sWL1K3WUU5rKZNG/0i3a1OSoX3HqhH5WbWwTmqWfor4urUakGPiRQcleRZTwOg==",
      "funding": [
        {
          "type": "github",
          "url": "https://github.com/sponsors/fastify"
        },
        {
          "type": "opencollective",
          "url": "https://opencollective.com/fastify"
        }
      ],
      "license": "BSD-3-Clause"
    },
    "node_modules/fast-wrap-ansi": {
      "version": "0.2.2",
      "resolved": "https://registry.npmjs.org/fast-wrap-ansi/-/fast-wrap-ansi-0.2.2.tgz",
      "integrity": "sha512-7F2Fl+TjRSenLqlU3UjSH0iyqopqoZIu7eZVpEirP2g1GtWa2G/ecEmBdgz31+Mxr+ELclgg6sokpSFIQiZ02Q==",
      "license": "MIT",
      "peer": true,
      "dependencies": {
        "fast-string-width": "^3.0.2"
      }
    },
    "node_modules/gunshi": {
      "version": "0.36.0",
      "resolved": "https://registry.npmjs.org/gunshi/-/gunshi-0.36.0.tgz",
      "integrity": "sha512-LJhM/2YiC4GfsaT2fnvccNkGXzbtMCBkgXpyLSM+1QVal2n7k8VJZol8qm1qgm2wmaQ6NBVmcGZIOkB/ms+6uQ==",
      "license": "MIT",
      "peer": true,
      "engines": {
        "node": ">= 22"
      },
      "funding": {
        "url": "https://github.com/sponsors/kazupon"
      }
    },
    "node_modules/jiti": {
      "version": "2.7.0",
      "resolved": "https://registry.npmjs.org/jiti/-/jiti-2.7.0.tgz",
      "integrity": "sha512-AC/7JofJvZGrrneWNaEnJeOLUx+JlGt7tNa0wZiRPT4MY1wmfKjt2+6O2p2uz2+skll8OZZmJMNqeke7kKbNgQ==",
      "license": "MIT",
      "peer": true,
      "bin": {
        "jiti": "lib/jiti-cli.mjs"
      }
    },
    "node_modules/js-tokens": {
      "version": "4.0.0",
      "resolved": "https://registry.npmjs.org/js-tokens/-/js-tokens-4.0.0.tgz",
      "integrity": "sha512-RdJUflcE3cUzKiMqQgsCu06FPu9UdIJO0beYbPhHN4k6apgJtifcoCtT9bcxOpYBtpD2kCM6Sbzg4CausW/PKQ==",
      "license": "MIT"
    },
    "node_modules/js-yaml": {
      "version": "4.3.0",
      "resolved": "https://registry.npmjs.org/js-yaml/-/js-yaml-4.3.0.tgz",
      "integrity": "sha512-1td788aAnnZ5qs7V2QIRl1owjtYpbKt749Y3xauqQgwIIGF/xXWz1wMTEBx5O3LK3lXLVuqXPdPxj2BoFHaW9Q==",
      "funding": [
        {
          "type": "github",
          "url": "https://github.com/sponsors/puzrin"
        },
        {
          "type": "github",
          "url": "https://github.com/sponsors/nodeca"
        }
      ],
      "license": "MIT",
      "dependencies": {
        "argparse": "^2.0.1"
      },
      "bin": {
        "js-yaml": "bin/js-yaml.js"
      }
    },
    "node_modules/json-crawl": {
      "version": "0.4.2",
      "resolved": "https://registry.npmjs.org/json-crawl/-/json-crawl-0.4.2.tgz",
      "integrity": "sha512-MOKk9cjtpMrP4H1DmG+PtS7aFWg9OuSqxc/wpFcOE++yVnD5Bi5iKoXD6oqs+kltRwJRgZBYMozRNpQpxD/TJw==",
      "license": "MIT",
      "engines": {
        "node": ">=14.0.0"
      }
    },
    "node_modules/json-rpc-2.0": {
      "version": "1.7.1",
      "resolved": "https://registry.npmjs.org/json-rpc-2.0/-/json-rpc-2.0-1.7.1.tgz",
      "integrity": "sha512-JqZjhjAanbpkXIzFE7u8mE/iFblawwlXtONaCvRqI+pyABVz7B4M1EUNpyVW+dZjqgQ2L5HFmZCmOCgUKm00hg==",
      "license": "MIT",
      "peer": true
    },
    "node_modules/json-schema-traverse": {
      "version": "1.0.0",
      "resolved": "https://registry.npmjs.org/json-schema-traverse/-/json-schema-traverse-1.0.0.tgz",
      "integrity": "sha512-NM8/P9n3XjXhIZn1lLhkFaACTOURQXjWhV4BA/RnOv8xvgqtqpAX9IO4mRQxSx1Rlo4tqzeqb0sOlruaOy3dug==",
      "license": "MIT"
    },
    "node_modules/jsonpointer": {
      "version": "5.0.1",
      "resolved": "https://registry.npmjs.org/jsonpointer/-/jsonpointer-5.0.1.tgz",
      "integrity": "sha512-p/nXbhSEcu3pZRdkW1OfJhpsVtW1gd4Wa1fnQc9YLiTfAjn0312eMKimbdIQzuZl9aa9xUGaRlP9T/CJE/ditQ==",
      "license": "MIT",
      "engines": {
        "node": ">=0.10.0"
      }
    },
    "node_modules/kubb": {
      "version": "5.0.0-beta.103",
      "resolved": "https://registry.npmjs.org/kubb/-/kubb-5.0.0-beta.103.tgz",
      "integrity": "sha512-ryxQd2ruE1u1vEw+c7uDo3719l7d44pwj8eAMhav4M+1lAT0I2MiesB0us96JnyGW/P1B+7KcrYuKwDCKkmhcw==",
      "license": "MIT",
      "peer": true,
      "dependencies": {
        "@kubb/adapter-oas": "5.0.0-beta.103",
        "@kubb/ast": "5.0.0-beta.103",
        "@kubb/cli": "5.0.0-beta.103",
        "@kubb/core": "5.0.0-beta.103",
        "@kubb/kit": "5.0.0-beta.103",
        "@kubb/mcp": "5.0.0-beta.103",
        "@kubb/parser-md": "5.0.0-beta.103",
        "@kubb/parser-ts": "5.0.0-beta.103",
        "@kubb/plugin-barrel": "5.0.0-beta.103",
        "@kubb/renderer-jsx": "5.0.0-beta.103",
        "unplugin-kubb": "5.0.0-beta.103"
      },
      "bin": {
        "kubb": "bin/kubb.js"
      },
      "engines": {
        "node": ">=22"
      }
    },
    "node_modules/kubb/node_modules/@kubb/adapter-oas": {
      "version": "5.0.0-beta.103",
      "resolved": "https://registry.npmjs.org/@kubb/adapter-oas/-/adapter-oas-5.0.0-beta.103.tgz",
      "integrity": "sha512-i5bEp1UZi2PU/0GQkoulfQn9BnEAMcbgwff3RwHfa+Oi0b6nH+JxTM8Bt5Qi7iCP48IKHWQl0BVP9/e8DqWOWQ==",
      "license": "MIT",
      "peer": true,
      "dependencies": {
        "@kubb/ast": "5.0.0-beta.103",
        "@kubb/core": "5.0.0-beta.103",
        "@kubb/kit": "5.0.0-beta.103",
        "@readme/openapi-parser": "^6.2.1",
        "@scalar/openapi-upgrader": "^0.2.9",
        "api-ref-bundler": "0.5.1",
        "yaml": "^2.9.0"
      },
      "engines": {
        "node": ">=22"
      }
    },
    "node_modules/kubb/node_modules/@kubb/ast": {
      "version": "5.0.0-beta.103",
      "resolved": "https://registry.npmjs.org/@kubb/ast/-/ast-5.0.0-beta.103.tgz",
      "integrity": "sha512-JhdUVZByANIABO6lZERcDdjLzuroe06godO1uxS8ZH54zNbyJHYLdiIexwzd+rt/b97BZsX4SKEvf5E48mjE7A==",
      "license": "MIT",
      "peer": true,
      "engines": {
        "node": ">=22"
      }
    },
    "node_modules/kubb/node_modules/@kubb/cli": {
      "version": "5.0.0-beta.103",
      "resolved": "https://registry.npmjs.org/@kubb/cli/-/cli-5.0.0-beta.103.tgz",
      "integrity": "sha512-lThnNCnGS/+SobbJXdXlO3O55XaqF2DNrgmRLzqLC7ZZQ8bgsHQqRQfwuz25vMvLxwZLLtM3eRS29/qVJf+qvw==",
      "license": "MIT",
      "peer": true,
      "dependencies": {
        "@clack/prompts": "^1.7.0",
        "@kubb/core": "5.0.0-beta.103",
        "chokidar": "^5.0.0",
        "gunshi": "^0.36.0",
        "jiti": "^2.7.0",
        "tinyexec": "^1.2.4",
        "unconfig": "^7.5.0"
      },
      "bin": {
        "kubb": "bin/kubb.js"
      },
      "engines": {
        "node": ">=22"
      },
      "peerDependencies": {
        "@kubb/adapter-oas": "5.0.0-beta.103",
        "@kubb/mcp": "5.0.0-beta.103"
      },
      "peerDependenciesMeta": {
        "@kubb/adapter-oas": {
          "optional": true
        },
        "@kubb/mcp": {
          "optional": true
        }
      }
    },
    "node_modules/kubb/node_modules/@kubb/core": {
      "version": "5.0.0-beta.103",
      "resolved": "https://registry.npmjs.org/@kubb/core/-/core-5.0.0-beta.103.tgz",
      "integrity": "sha512-6IMaBozg1xEJDVwrkgj6Rn9XPeVbFLMQU0Ly0r1Ul/9WHMUYdOFnQF6VjHpfk4m4b3JPruy1Blf92Rcf6cZGBw==",
      "license": "MIT",
      "peer": true,
      "dependencies": {
        "@kubb/ast": "5.0.0-beta.103"
      },
      "engines": {
        "node": ">=22"
      }
    },
    "node_modules/kubb/node_modules/@kubb/kit": {
      "version": "5.0.0-beta.103",
      "resolved": "https://registry.npmjs.org/@kubb/kit/-/kit-5.0.0-beta.103.tgz",
      "integrity": "sha512-ZYfhMGtBuHRMhQa2BiYoXydZ7VBGvuWXgNxmGTYWyajGYvef1pMmprbsj/oknb1I/u48PQPD0ln4gx4dMbftgA==",
      "license": "MIT",
      "peer": true,
      "dependencies": {
        "@kubb/ast": "5.0.0-beta.103",
        "@kubb/core": "5.0.0-beta.103"
      },
      "engines": {
        "node": ">=22"
      }
    },
    "node_modules/leven": {
      "version": "3.1.0",
      "resolved": "https://registry.npmjs.org/leven/-/leven-3.1.0.tgz",
      "integrity": "sha512-qsda+H8jTaUaN/x5vzW2rzc+8Rw4TAQ/4KjB46IwK5VH+IlVeeeje/EoZRpiXvIqjFgK84QffqPztGI3VBLG1A==",
      "license": "MIT",
      "engines": {
        "node": ">=6"
      }
    },
    "node_modules/openapi-types": {
      "version": "12.1.3",
      "resolved": "https://registry.npmjs.org/openapi-types/-/openapi-types-12.1.3.tgz",
      "integrity": "sha512-N4YtSYJqghVu4iek2ZUvcN/0aqH1kRDuNqzcycDxhOUpg7GdvLa2F3DgS6yBNhInhv2r/6I0Flkn7CqL8+nIcw==",
      "license": "MIT",
      "peer": true
    },
    "node_modules/picocolors": {
      "version": "1.1.1",
      "resolved": "https://registry.npmjs.org/picocolors/-/picocolors-1.1.1.tgz",
      "integrity": "sha512-xceH2snhtb5M9liqDsmEw56le376mTZkEX/jEb/RxNFyegNul7eNslCXP9FDj/Lcu0X8KEyMceP2ntpaHrDEVA==",
      "license": "ISC"
    },
    "node_modules/picomatch": {
      "version": "4.0.5",
      "resolved": "https://registry.npmjs.org/picomatch/-/picomatch-4.0.5.tgz",
      "integrity": "sha512-RvwwcruNjI1ncT5xRakeyS9Lf8lcItv34KD+aif+VH9kduAyfYBipGh12274xtenIPZ119/R9BdTBa8gAwSh0A==",
      "license": "MIT",
      "peer": true,
      "engines": {
        "node": ">=12"
      },
      "funding": {
        "url": "https://github.com/sponsors/jonschlinkert"
      }
    },
    "node_modules/quansync": {
      "version": "1.0.0",
      "resolved": "https://registry.npmjs.org/quansync/-/quansync-1.0.0.tgz",
      "integrity": "sha512-5xZacEEufv3HSTPQuchrvV6soaiACMFnq1H8wkVioctoH3TRha9Sz66lOxRwPK/qZj7HPiSveih9yAyh98gvqA==",
      "funding": [
        {
          "type": "individual",
          "url": "https://github.com/sponsors/antfu"
        },
        {
          "type": "individual",
          "url": "https://github.com/sponsors/sxzz"
        }
      ],
      "license": "MIT",
      "peer": true
    },
    "node_modules/readdirp": {
      "version": "5.0.0",
      "resolved": "https://registry.npmjs.org/readdirp/-/readdirp-5.0.0.tgz",
      "integrity": "sha512-9u/XQ1pvrQtYyMpZe7DXKv2p5CNvyVwzUB6uhLAnQwHMSgKMBR62lc7AHljaeteeHXn11XTAaLLUVZYVZyuRBQ==",
      "license": "MIT",
      "peer": true,
      "engines": {
        "node": ">= 20.19.0"
      },
      "funding": {
        "type": "individual",
        "url": "https://paulmillr.com/funding/"
      }
    },
    "node_modules/require-from-string": {
      "version": "2.0.2",
      "resolved": "https://registry.npmjs.org/require-from-string/-/require-from-string-2.0.2.tgz",
      "integrity": "sha512-Xf0nWe6RseziFMu+Ap9biiUbmplq6S9/p+7w7YXP/JBHhrUDDUhwa+vANyubuqfZWTveU//DYVGsDG7RKL/vEw==",
      "license": "MIT",
      "engines": {
        "node": ">=0.10.0"
      }
    },
    "node_modules/sisteransi": {
      "version": "1.0.5",
      "resolved": "https://registry.npmjs.org/sisteransi/-/sisteransi-1.0.5.tgz",
      "integrity": "sha512-bLGGlR1QxBcynn2d5YmDX4MGjlZvy2MRBDRNHLJ8VI6l6+9FUiyTFNJ0IveOSP0bcXgVDPRcfGqA0pjaqUpfVg==",
      "license": "MIT",
      "peer": true
    },
    "node_modules/sqids": {
      "version": "0.3.0",
      "resolved": "https://registry.npmjs.org/sqids/-/sqids-0.3.0.tgz",
      "integrity": "sha512-lOQK1ucVg+W6n3FhRwwSeUijxe93b51Bfz5PMRMihVf1iVkl82ePQG7V5vwrhzB11v0NtsR25PSZRGiSomJaJw==",
      "license": "MIT",
      "peer": true
    },
    "node_modules/tinyexec": {
      "version": "1.2.4",
      "resolved": "https://registry.npmjs.org/tinyexec/-/tinyexec-1.2.4.tgz",
      "integrity": "sha512-SHf/r48b7vOrjve9PxJo3MN5v5yuyjHvdUcrQffT3WXMUfnGmHDVbC4k3sHJaJTgZCwpUplIaAo5ANtMyp3YHg==",
      "license": "MIT",
      "peer": true,
      "engines": {
        "node": ">=18"
      }
    },
    "node_modules/tmcp": {
      "version": "1.19.4",
      "resolved": "https://registry.npmjs.org/tmcp/-/tmcp-1.19.4.tgz",
      "integrity": "sha512-fMoUJ3Gef9iA0yKZNeW2SQCCKTluCwghUyOz/qxPS8XxrQk6Jlw4lgql3S+s6L//FteLeSJ7erKxMWl727mZoQ==",
      "license": "MIT",
      "peer": true,
      "dependencies": {
        "@standard-schema/spec": "^1.0.0",
        "json-rpc-2.0": "^1.7.1",
        "sqids": "^0.3.0",
        "uri-template-matcher": "^1.1.1",
        "valibot": "^1.1.0"
      }
    },
    "node_modules/typescript": {
      "version": "6.0.3",
      "resolved": "https://registry.npmjs.org/typescript/-/typescript-6.0.3.tgz",
      "integrity": "sha512-y2TvuxSZPDyQakkFRPZHKFm+KKVqIisdg9/CZwm9ftvKXLP8NRWj38/ODjNbr43SsoXqNuAisEf1GdCxqWcdBw==",
      "license": "Apache-2.0",
      "bin": {
        "tsc": "bin/tsc",
        "tsserver": "bin/tsserver"
      },
      "engines": {
        "node": ">=14.17"
      }
    },
    "node_modules/unconfig": {
      "version": "7.5.0",
      "resolved": "https://registry.npmjs.org/unconfig/-/unconfig-7.5.0.tgz",
      "integrity": "sha512-oi8Qy2JV4D3UQ0PsopR28CzdQ3S/5A1zwsUwp/rosSbfhJ5z7b90bIyTwi/F7hCLD4SGcZVjDzd4XoUQcEanvA==",
      "license": "MIT",
      "peer": true,
      "dependencies": {
        "@quansync/fs": "^1.0.0",
        "defu": "^6.1.4",
        "jiti": "^2.6.1",
        "quansync": "^1.0.0",
        "unconfig-core": "7.5.0"
      },
      "funding": {
        "url": "https://github.com/sponsors/antfu"
      }
    },
    "node_modules/unconfig-core": {
      "version": "7.5.0",
      "resolved": "https://registry.npmjs.org/unconfig-core/-/unconfig-core-7.5.0.tgz",
      "integrity": "sha512-Su3FauozOGP44ZmKdHy2oE6LPjk51M/TRRjHv2HNCWiDvfvCoxC2lno6jevMA91MYAdCdwP05QnWdWpSbncX/w==",
      "license": "MIT",
      "peer": true,
      "dependencies": {
        "@quansync/fs": "^1.0.0",
        "quansync": "^1.0.0"
      },
      "funding": {
        "url": "https://github.com/sponsors/antfu"
      }
    },
    "node_modules/unplugin": {
      "version": "3.3.0",
      "resolved": "https://registry.npmjs.org/unplugin/-/unplugin-3.3.0.tgz",
      "integrity": "sha512-qa66K+crbfyE6JK10GjvbJeRrOsuC/JpbnHctfyp/i4oBTxWOzJfRZyDiOk1PtErMFRu8JhsU/wPvOdBNWe5Rg==",
      "license": "MIT",
      "peer": true,
      "dependencies": {
        "@jridgewell/remapping": "^2.3.5",
        "picomatch": "^4.0.4",
        "webpack-virtual-modules": "^0.6.2"
      },
      "engines": {
        "node": "^20.19.0 || >=22.12.0"
      },
      "peerDependencies": {
        "@farmfe/core": "*",
        "@rspack/core": "*",
        "bun-types-no-globals": "*",
        "esbuild": "*",
        "rolldown": "*",
        "rollup": "*",
        "unloader": "*",
        "vite": "*",
        "webpack": "*"
      },
      "peerDependenciesMeta": {
        "@farmfe/core": {
          "optional": true
        },
        "@rspack/core": {
          "optional": true
        },
        "bun-types-no-globals": {
          "optional": true
        },
        "esbuild": {
          "optional": true
        },
        "rolldown": {
          "optional": true
        },
        "rollup": {
          "optional": true
        },
        "unloader": {
          "optional": true
        },
        "vite": {
          "optional": true
        },
        "webpack": {
          "optional": true
        }
      }
    },
    "node_modules/unplugin-kubb": {
      "version": "5.0.0-beta.103",
      "resolved": "https://registry.npmjs.org/unplugin-kubb/-/unplugin-kubb-5.0.0-beta.103.tgz",
      "integrity": "sha512-JMo/1jrRPZnnAsHcnT8VjcQF1ke0GrOitcXpWsLf+jAxpxVqWgv8ZLYoCQ32fH5Z6545MH4Fa9oChuE8OpI72g==",
      "license": "MIT",
      "peer": true,
      "dependencies": {
        "@kubb/adapter-oas": "5.0.0-beta.103",
        "@kubb/core": "5.0.0-beta.103",
        "@kubb/parser-ts": "5.0.0-beta.103",
        "@kubb/plugin-barrel": "5.0.0-beta.103",
        "unplugin": "^3.3.0"
      },
      "engines": {
        "node": ">=22"
      },
      "peerDependencies": {
        "@farmfe/core": "^1.7.0",
        "@kubb/core": "^5.0.0-alpha.0",
        "@nuxt/kit": "^3 || ^4",
        "@nuxt/schema": "^3 || ^4",
        "esbuild": "*",
        "rolldown": ">=1",
        "rollup": "^3 || ^4",
        "vite": ">=3",
        "webpack": "^5"
      },
      "peerDependenciesMeta": {
        "@farmfe/core": {
          "optional": true
        },
        "@nuxt/kit": {
          "optional": true
        },
        "@nuxt/schema": {
          "optional": true
        },
        "esbuild": {
          "optional": true
        },
        "rolldown": {
          "optional": true
        },
        "rollup": {
          "optional": true
        },
        "vite": {
          "optional": true
        },
        "webpack": {
          "optional": true
        }
      }
    },
    "node_modules/unplugin-kubb/node_modules/@kubb/adapter-oas": {
      "version": "5.0.0-beta.103",
      "resolved": "https://registry.npmjs.org/@kubb/adapter-oas/-/adapter-oas-5.0.0-beta.103.tgz",
      "integrity": "sha512-i5bEp1UZi2PU/0GQkoulfQn9BnEAMcbgwff3RwHfa+Oi0b6nH+JxTM8Bt5Qi7iCP48IKHWQl0BVP9/e8DqWOWQ==",
      "license": "MIT",
      "peer": true,
      "dependencies": {
        "@kubb/ast": "5.0.0-beta.103",
        "@kubb/core": "5.0.0-beta.103",
        "@kubb/kit": "5.0.0-beta.103",
        "@readme/openapi-parser": "^6.2.1",
        "@scalar/openapi-upgrader": "^0.2.9",
        "api-ref-bundler": "0.5.1",
        "yaml": "^2.9.0"
      },
      "engines": {
        "node": ">=22"
      }
    },
    "node_modules/unplugin-kubb/node_modules/@kubb/ast": {
      "version": "5.0.0-beta.103",
      "resolved": "https://registry.npmjs.org/@kubb/ast/-/ast-5.0.0-beta.103.tgz",
      "integrity": "sha512-JhdUVZByANIABO6lZERcDdjLzuroe06godO1uxS8ZH54zNbyJHYLdiIexwzd+rt/b97BZsX4SKEvf5E48mjE7A==",
      "license": "MIT",
      "peer": true,
      "engines": {
        "node": ">=22"
      }
    },
    "node_modules/unplugin-kubb/node_modules/@kubb/core": {
      "version": "5.0.0-beta.103",
      "resolved": "https://registry.npmjs.org/@kubb/core/-/core-5.0.0-beta.103.tgz",
      "integrity": "sha512-6IMaBozg1xEJDVwrkgj6Rn9XPeVbFLMQU0Ly0r1Ul/9WHMUYdOFnQF6VjHpfk4m4b3JPruy1Blf92Rcf6cZGBw==",
      "license": "MIT",
      "peer": true,
      "dependencies": {
        "@kubb/ast": "5.0.0-beta.103"
      },
      "engines": {
        "node": ">=22"
      }
    },
    "node_modules/unplugin-kubb/node_modules/@kubb/kit": {
      "version": "5.0.0-beta.103",
      "resolved": "https://registry.npmjs.org/@kubb/kit/-/kit-5.0.0-beta.103.tgz",
      "integrity": "sha512-ZYfhMGtBuHRMhQa2BiYoXydZ7VBGvuWXgNxmGTYWyajGYvef1pMmprbsj/oknb1I/u48PQPD0ln4gx4dMbftgA==",
      "license": "MIT",
      "peer": true,
      "dependencies": {
        "@kubb/ast": "5.0.0-beta.103",
        "@kubb/core": "5.0.0-beta.103"
      },
      "engines": {
        "node": ">=22"
      }
    },
    "node_modules/uri-template-matcher": {
      "version": "1.1.2",
      "resolved": "https://registry.npmjs.org/uri-template-matcher/-/uri-template-matcher-1.1.2.tgz",
      "integrity": "sha512-uZc1h12jdO3m/R77SfTEOuo6VbMhgWznaawKpBjRGSJb7i91x5PgI37NQJtG+Cerxkk0yr1pylBY2qG1kQ+aEQ==",
      "license": "ISC",
      "peer": true
    },
    "node_modules/valibot": {
      "version": "1.4.2",
      "resolved": "https://registry.npmjs.org/valibot/-/valibot-1.4.2.tgz",
      "integrity": "sha512-gjdCvJ6d3RyHAneqxMYMW9QMCwYMb3jpOO0IyHZV1bnRHFBHrX3VkIILt5XYR0WhwHiH7Mty8ovuPZ/O3gamrg==",
      "license": "MIT",
      "peer": true,
      "peerDependencies": {
        "typescript": ">=5"
      },
      "peerDependenciesMeta": {
        "typescript": {
          "optional": true
        }
      }
    },
    "node_modules/webpack-virtual-modules": {
      "version": "0.6.2",
      "resolved": "https://registry.npmjs.org/webpack-virtual-modules/-/webpack-virtual-modules-0.6.2.tgz",
      "integrity": "sha512-66/V2i5hQanC51vBQKPH4aI8NMAcBW59FVBs+rC7eGHupMyfn34q7rZIE+ETlJ+XTevqfUhVVBgSUNSW2flEUQ==",
      "license": "MIT",
      "peer": true
    },
    "node_modules/yaml": {
      "version": "2.9.0",
      "resolved": "https://registry.npmjs.org/yaml/-/yaml-2.9.0.tgz",
      "integrity": "sha512-2AvhNX3mb8zd6Zy7INTtSpl1F15HW6Wnqj0srWlkKLcpYl/gMIMJiyuGq2KeI2YFxUPjdlB+3Lc10seMLtL4cA==",
      "license": "ISC",
      "bin": {
        "yaml": "bin.mjs"
      },
      "engines": {
        "node": ">= 14.6"
      },
      "funding": {
        "url": "https://github.com/sponsors/eemeli"
      }
    }
  }
}
